
Microsoft Visual Studio Solution File, Format Version 12.00
# Visual Studio Version 17
VisualStudioVersion = 17.0.32112.339
MinimumVisualStudioVersion = 10.0.40219.1
Project("{FAE04EC0-301F-11D3-BF4B-00C04F79EFBC}") = "Run-App", "Run-App\Run-App.csproj", "{2B455D4B-72A3-4114-A05C-AB4E11795866}"
EndProject
Global
	GlobalSection(SolutionConfigurationPlatforms) = preSolution
		Debug|Any CPU = Debug|Any CPU
		Release|Any CPU = Release|Any CPU
	EndGlobalSection
	GlobalSection(ProjectConfigurationPlatforms) = postSolution
		{2B455D4B-72A3-4114-A05C-AB4E11795866}.Debug|Any CPU.ActiveCfg = Debug|Any CPU
		{2B455D4B-72A3-4114-A05C-AB4E11795866}.Debug|Any CPU.Build.0 = Debug|Any CPU
		{2B455D4B-72A3-4114-A05C-AB4E11795866}.Release|Any CPU.ActiveCfg = Release|Any CPU
		{2B455D4B-72A3-4114-A05C-AB4E11795866}.Release|Any CPU.Build.0 = Release|Any CPU
	EndGlobalSection
	GlobalSection(SolutionProperties) = preSolution
		HideSolutionNode = FALSE
	EndGlobalSection
	GlobalSection(ExtensibilityGlobals) = postSolution
		SolutionGuid = {75070DB9-3511-4D66-9A76-3B4F2DA9B26D}
	EndGlobalSection
EndGlobal
